
Microsoft Visual Studio Solution File, Format Version 12.00
# Visual Studio Version 17
VisualStudioVersion = 17.10.35004.147
MinimumVisualStudioVersion = 10.0.40219.1
Project("{FAE04EC0-301F-11D3-BF4B-00C04F79EFBC}") = "PersonalPhysInventory", "PersonalPhysInventory\PersonalPhysInventory.csproj", "{686F11A0-336E-4C29-AA71-BF3CA35698A5}"
EndProject
Global
	GlobalSection(SolutionConfigurationPlatforms) = preSolution
		Debug|Any CPU = Debug|Any CPU
		Release|Any CPU = Release|Any CPU
	EndGlobalSection
	GlobalSection(ProjectConfigurationPlatforms) = postSolution
		{686F11A0-336E-4C29-AA71-BF3CA35698A5}.Debug|Any CPU.ActiveCfg = Debug|Any CPU
		{686F11A0-336E-4C29-AA71-BF3CA35698A5}.Debug|Any CPU.Build.0 = Debug|Any CPU
		{686F11A0-336E-4C29-AA71-BF3CA35698A5}.Debug|Any CPU.Deploy.0 = Debug|Any CPU
		{686F11A0-336E-4C29-AA71-BF3CA35698A5}.Release|Any CPU.ActiveCfg = Release|Any CPU
		{686F11A0-336E-4C29-AA71-BF3CA35698A5}.Release|Any CPU.Build.0 = Release|Any CPU
		{686F11A0-336E-4C29-AA71-BF3CA35698A5}.Release|Any CPU.Deploy.0 = Release|Any CPU
	EndGlobalSection
	GlobalSection(SolutionProperties) = preSolution
		HideSolutionNode = FALSE
	EndGlobalSection
	GlobalSection(ExtensibilityGlobals) = postSolution
		SolutionGuid = {57DBBED5-1CBA-4BD4-B012-8F19A1CB5B4D}
	EndGlobalSection
EndGlobal
